
Microsoft Visual Studio Solution File, Format Version 12.00
# Visual Studio Version 17
VisualStudioVersion = 17.1.32319.34
MinimumVisualStudioVersion = 10.0.40219.1
Project("{FAE04EC0-301F-11D3-BF4B-00C04F79EFBC}") = "Carpnteria", "Carpnteri\Carpnteria.csproj", "{FEB7B56A-9C84-4132-8F86-3218F6223279}"
EndProject
Project("{FAE04EC0-301F-11D3-BF4B-00C04F79EFBC}") = "Dominio", "Dominio\Dominio.csproj", "{4032BC84-639C-45B0-AFE7-882A20546584}"
EndProject
Project("{FAE04EC0-301F-11D3-BF4B-00C04F79EFBC}") = "Negocio", "Negocio\Negocio.csproj", "{9DDE9F98-FB41-4ED6-B630-09896EF9D1FE}"
EndProject
Global
	GlobalSection(SolutionConfigurationPlatforms) = preSolution
		Debug|Any CPU = Debug|Any CPU
		Release|Any CPU = Release|Any CPU
	EndGlobalSection
	GlobalSection(ProjectConfigurationPlatforms) = postSolution
		{FEB7B56A-9C84-4132-8F86-3218F6223279}.Debug|Any CPU.ActiveCfg = Debug|Any CPU
		{FEB7B56A-9C84-4132-8F86-3218F6223279}.Debug|Any CPU.Build.0 = Debug|Any CPU
		{FEB7B56A-9C84-4132-8F86-3218F6223279}.Release|Any CPU.ActiveCfg = Release|Any CPU
		{FEB7B56A-9C84-4132-8F86-3218F6223279}.Release|Any CPU.Build.0 = Release|Any CPU
		{4032BC84-639C-45B0-AFE7-882A20546584}.Debug|Any CPU.ActiveCfg = Debug|Any CPU
		{4032BC84-639C-45B0-AFE7-882A20546584}.Debug|Any CPU.Build.0 = Debug|Any CPU
		{4032BC84-639C-45B0-AFE7-882A20546584}.Release|Any CPU.ActiveCfg = Release|Any CPU
		{4032BC84-639C-45B0-AFE7-882A20546584}.Release|Any CPU.Build.0 = Release|Any CPU
		{9DDE9F98-FB41-4ED6-B630-09896EF9D1FE}.Debug|Any CPU.ActiveCfg = Debug|Any CPU
		{9DDE9F98-FB41-4ED6-B630-09896EF9D1FE}.Debug|Any CPU.Build.0 = Debug|Any CPU
		{9DDE9F98-FB41-4ED6-B630-09896EF9D1FE}.Release|Any CPU.ActiveCfg = Release|Any CPU
		{9DDE9F98-FB41-4ED6-B630-09896EF9D1FE}.Release|Any CPU.Build.0 = Release|Any CPU
	EndGlobalSection
	GlobalSection(SolutionProperties) = preSolution
		HideSolutionNode = FALSE
	EndGlobalSection
	GlobalSection(ExtensibilityGlobals) = postSolution
		SolutionGuid = {2B66F30E-DEF3-42AE-878B-705C6CAD5E7F}
	EndGlobalSection
EndGlobal
